
Microsoft Visual Studio Solution File, Format Version 12.00
# Visual Studio 15
VisualStudioVersion = 15.0.27703.2042
MinimumVisualStudioVersion = 10.0.40219.1
Project("{2150E333-8FDC-42A3-9474-1A3956D46DE8}") = "src", "src", "{6A93D27E-6650-4A3F-AD17-F6C2D7D50050}"
EndProject
Project("{2150E333-8FDC-42A3-9474-1A3956D46DE8}") = "Services", "Services", "{7D2EC7DF-D1AA-4EAA-8A29-2BDB8B5A9EAB}"
EndProject
Project("{2150E333-8FDC-42A3-9474-1A3956D46DE8}") = "Hotels", "Hotels", "{76BC1BD7-CB71-4BA8-A8E1-FD371B4464DC}"
EndProject
Project("{2150E333-8FDC-42A3-9474-1A3956D46DE8}") = "Booking", "Booking", "{7389023F-F852-4F07-B91F-885B5BF68821}"
EndProject
Project("{2150E333-8FDC-42A3-9474-1A3956D46DE8}") = "Reviews", "Reviews", "{F37C5655-6CEF-4A81-A40F-A29345DF9C07}"
EndProject
Project("{9A19103F-16F7-4668-BE54-9A1E7A4F7556}") = "Hotels.API", "Hotels.API\Hotels.API.csproj", "{FE45CDDC-D8AB-4D09-AA6F-81CFD011DFF6}"
EndProject
Project("{9A19103F-16F7-4668-BE54-9A1E7A4F7556}") = "Booking.API", "Booking.API\Booking.API.csproj", "{CE636794-ABD1-41B8-9C4E-499E15469464}"
EndProject
Project("{9A19103F-16F7-4668-BE54-9A1E7A4F7556}") = "Reviews.API", "Reviews.API\Reviews.API.csproj", "{A8E6F75E-65E1-4048-A9FD-12A975CB20D1}"
EndProject
Project("{2150E333-8FDC-42A3-9474-1A3956D46DE8}") = "UI", "UI", "{42888015-768E-4E3E-BC7E-B5DEB3EBA95C}"
EndProject
Project("{2150E333-8FDC-42A3-9474-1A3956D46DE8}") = "ApiGateways", "ApiGateways", "{29CB16F3-A267-456F-B29F-6EBBFCDC6272}"
EndProject
Project("{2150E333-8FDC-42A3-9474-1A3956D46DE8}") = "Identity", "Identity", "{64D69638-1908-4C83-91A9-0B14B4CAA86E}"
EndProject
Project("{9A19103F-16F7-4668-BE54-9A1E7A4F7556}") = "UserIdentity.Api", "UserIdentity.Api\UserIdentity.Api.csproj", "{8A2EF3EA-9857-4ED6-B984-E832002549EB}"
EndProject
Project("{E53339B2-1760-4266-BCC7-CA923CBCF16C}") = "docker-compose", "docker-compose.dcproj", "{A235C018-D8DE-4DB9-B47F-6692263B2254}"
EndProject
Global
	GlobalSection(SolutionConfigurationPlatforms) = preSolution
		Debug|Any CPU = Debug|Any CPU
		Release|Any CPU = Release|Any CPU
	EndGlobalSection
	GlobalSection(ProjectConfigurationPlatforms) = postSolution
		{FE45CDDC-D8AB-4D09-AA6F-81CFD011DFF6}.Debug|Any CPU.ActiveCfg = Debug|Any CPU
		{FE45CDDC-D8AB-4D09-AA6F-81CFD011DFF6}.Debug|Any CPU.Build.0 = Debug|Any CPU
		{FE45CDDC-D8AB-4D09-AA6F-81CFD011DFF6}.Release|Any CPU.ActiveCfg = Release|Any CPU
		{FE45CDDC-D8AB-4D09-AA6F-81CFD011DFF6}.Release|Any CPU.Build.0 = Release|Any CPU
		{CE636794-ABD1-41B8-9C4E-499E15469464}.Debug|Any CPU.ActiveCfg = Debug|Any CPU
		{CE636794-ABD1-41B8-9C4E-499E15469464}.Debug|Any CPU.Build.0 = Debug|Any CPU
		{CE636794-ABD1-41B8-9C4E-499E15469464}.Release|Any CPU.ActiveCfg = Release|Any CPU
		{CE636794-ABD1-41B8-9C4E-499E15469464}.Release|Any CPU.Build.0 = Release|Any CPU
		{A8E6F75E-65E1-4048-A9FD-12A975CB20D1}.Debug|Any CPU.ActiveCfg = Debug|Any CPU
		{A8E6F75E-65E1-4048-A9FD-12A975CB20D1}.Debug|Any CPU.Build.0 = Debug|Any CPU
		{A8E6F75E-65E1-4048-A9FD-12A975CB20D1}.Release|Any CPU.ActiveCfg = Release|Any CPU
		{A8E6F75E-65E1-4048-A9FD-12A975CB20D1}.Release|Any CPU.Build.0 = Release|Any CPU
		{8A2EF3EA-9857-4ED6-B984-E832002549EB}.Debug|Any CPU.ActiveCfg = Debug|Any CPU
		{8A2EF3EA-9857-4ED6-B984-E832002549EB}.Debug|Any CPU.Build.0 = Debug|Any CPU
		{8A2EF3EA-9857-4ED6-B984-E832002549EB}.Release|Any CPU.ActiveCfg = Release|Any CPU
		{8A2EF3EA-9857-4ED6-B984-E832002549EB}.Release|Any CPU.Build.0 = Release|Any CPU
		{A235C018-D8DE-4DB9-B47F-6692263B2254}.Debug|Any CPU.ActiveCfg = Debug|Any CPU
		{A235C018-D8DE-4DB9-B47F-6692263B2254}.Debug|Any CPU.Build.0 = Debug|Any CPU
		{A235C018-D8DE-4DB9-B47F-6692263B2254}.Release|Any CPU.ActiveCfg = Release|Any CPU
		{A235C018-D8DE-4DB9-B47F-6692263B2254}.Release|Any CPU.Build.0 = Release|Any CPU
	EndGlobalSection
	GlobalSection(SolutionProperties) = preSolution
		HideSolutionNode = FALSE
	EndGlobalSection
	GlobalSection(NestedProjects) = preSolution
		{7D2EC7DF-D1AA-4EAA-8A29-2BDB8B5A9EAB} = {6A93D27E-6650-4A3F-AD17-F6C2D7D50050}
		{76BC1BD7-CB71-4BA8-A8E1-FD371B4464DC} = {7D2EC7DF-D1AA-4EAA-8A29-2BDB8B5A9EAB}
		{7389023F-F852-4F07-B91F-885B5BF68821} = {7D2EC7DF-D1AA-4EAA-8A29-2BDB8B5A9EAB}
		{F37C5655-6CEF-4A81-A40F-A29345DF9C07} = {7D2EC7DF-D1AA-4EAA-8A29-2BDB8B5A9EAB}
		{FE45CDDC-D8AB-4D09-AA6F-81CFD011DFF6} = {76BC1BD7-CB71-4BA8-A8E1-FD371B4464DC}
		{CE636794-ABD1-41B8-9C4E-499E15469464} = {7389023F-F852-4F07-B91F-885B5BF68821}
		{A8E6F75E-65E1-4048-A9FD-12A975CB20D1} = {F37C5655-6CEF-4A81-A40F-A29345DF9C07}
		{42888015-768E-4E3E-BC7E-B5DEB3EBA95C} = {6A93D27E-6650-4A3F-AD17-F6C2D7D50050}
		{29CB16F3-A267-456F-B29F-6EBBFCDC6272} = {6A93D27E-6650-4A3F-AD17-F6C2D7D50050}
		{64D69638-1908-4C83-91A9-0B14B4CAA86E} = {6A93D27E-6650-4A3F-AD17-F6C2D7D50050}
		{8A2EF3EA-9857-4ED6-B984-E832002549EB} = {64D69638-1908-4C83-91A9-0B14B4CAA86E}
	EndGlobalSection
	GlobalSection(ExtensibilityGlobals) = postSolution
		SolutionGuid = {ED452048-1B38-4AA4-8684-6383D84A3F7D}
	EndGlobalSection
EndGlobal
